
Microsoft Visual Studio Solution File, Format Version 12.00
# Visual Studio Version 17
VisualStudioVersion = 17.0.31717.71
MinimumVisualStudioVersion = 10.0.40219.1
Project("{9A19103F-16F7-4668-BE54-9A1E7A4F7556}") = "SKB", "SKB.Web/SKB.csproj", "{ED0B8173-AFF0-4E86-BAA4-199B09E75C77}"
EndProject
Global
	GlobalSection(SolutionConfigurationPlatforms) = preSolution
		Debug|Any CPU = Debug|Any CPU
		Release|Any CPU = Release|Any CPU
	EndGlobalSection
	GlobalSection(ProjectConfigurationPlatforms) = postSolution
		{ED0B8173-AFF0-4E86-BAA4-199B09E75C77}.Debug|Any CPU.ActiveCfg = Debug|Any CPU
		{ED0B8173-AFF0-4E86-BAA4-199B09E75C77}.Debug|Any CPU.Build.0 = Debug|Any CPU
		{ED0B8173-AFF0-4E86-BAA4-199B09E75C77}.Release|Any CPU.ActiveCfg = Release|Any CPU
		{ED0B8173-AFF0-4E86-BAA4-199B09E75C77}.Release|Any CPU.Build.0 = Release|Any CPU
	EndGlobalSection
	GlobalSection(SolutionProperties) = preSolution
		HideSolutionNode = FALSE
	EndGlobalSection
	GlobalSection(ExtensibilityGlobals) = postSolution
		SolutionGuid = {4DCDBC4E-9BFC-4D01-9467-8B36ACEBC0B9}
	EndGlobalSection
EndGlobal